// !$*UTF8*$!
{
	archiveVersion = 1;
	classes = {
	};
	objectVersion = 56;
	objects = {

/* Begin PBXBuildFile section */
		15A0A9A3297FFF9300D52B4A /* CalculatorApp.swift in Sources */ = {isa = PBXBuildFile; fileRef = 15A0A9A2297FFF9300D52B4A /* CalculatorApp.swift */; };
		15A0A9A5297FFF9300D52B4A /* MainCalculatorView.swift in Sources */ = {isa = PBXBuildFile; fileRef = 15A0A9A4297FFF9300D52B4A /* MainCalculatorView.swift */; };
		15A0A9A7297FFF9700D52B4A /* Assets.xcassets in Resources */ = {isa = PBXBuildFile; fileRef = 15A0A9A6297FFF9700D52B4A /* Assets.xcassets */; };
		15A0A9AA297FFF9700D52B4A /* Preview Assets.xcassets in Resources */ = {isa = PBXBuildFile; fileRef = 15A0A9A9297FFF9700D52B4A /* Preview Assets.xcassets */; };
		15A0A9B12980041200D52B4A /* ImageConstants.swift in Sources */ = {isa = PBXBuildFile; fileRef = 15A0A9B02980041200D52B4A /* ImageConstants.swift */; };
		15A0A9B52980095B00D52B4A /* SunAndMoonView.swift in Sources */ = {isa = PBXBuildFile; fileRef = 15A0A9B42980095B00D52B4A /* SunAndMoonView.swift */; };
		15A0A9B729800A6500D52B4A /* ComputationView.swift in Sources */ = {isa = PBXBuildFile; fileRef = 15A0A9B629800A6500D52B4A /* ComputationView.swift */; };
		15A0A9B929800EB700D52B4A /* CalculatorButtonsView.swift in Sources */ = {isa = PBXBuildFile; fileRef = 15A0A9B829800EB700D52B4A /* CalculatorButtonsView.swift */; };
/* End PBXBuildFile section */

/* Begin PBXFileReference section */
		15A0A99F297FFF9300D52B4A /* Calculator.app */ = {isa = PBXFileReference; explicitFileType = wrapper.application; includeInIndex = 0; path = Calculator.app; sourceTree = BUILT_PRODUCTS_DIR; };
		15A0A9A2297FFF9300D52B4A /* CalculatorApp.swift */ = {isa = PBXFileReference; lastKnownFileType = sourcecode.swift; path = CalculatorApp.swift; sourceTree = "<group>"; };
		15A0A9A4297FFF9300D52B4A /* MainCalculatorView.swift */ = {isa = PBXFileReference; lastKnownFileType = sourcecode.swift; path = MainCalculatorView.swift; sourceTree = "<group>"; };
		15A0A9A6297FFF9700D52B4A /* Assets.xcassets */ = {isa = PBXFileReference; lastKnownFileType = folder.assetcatalog; path = Assets.xcassets; sourceTree = "<group>"; };
		15A0A9A9297FFF9700D52B4A /* Preview Assets.xcassets */ = {isa = PBXFileReference; lastKnownFileType = folder.assetcatalog; path = "Preview Assets.xcassets"; sourceTree = "<group>"; };
		15A0A9B02980041200D52B4A /* ImageConstants.swift */ = {isa = PBXFileReference; lastKnownFileType = sourcecode.swift; path = ImageConstants.swift; sourceTree = "<group>"; };
		15A0A9B42980095B00D52B4A /* SunAndMoonView.swift */ = {isa = PBXFileReference; lastKnownFileType = sourcecode.swift; path = SunAndMoonView.swift; sourceTree = "<group>"; };
		15A0A9B629800A6500D52B4A /* ComputationView.swift */ = {isa = PBXFileReference; lastKnownFileType = sourcecode.swift; path = ComputationView.swift; sourceTree = "<group>"; };
		15A0A9B829800EB700D52B4A /* CalculatorButtonsView.swift */ = {isa = PBXFileReference; lastKnownFileType = sourcecode.swift; path = CalculatorButtonsView.swift; sourceTree = "<group>"; };
/* End PBXFileReference section */

/* Begin PBXFrameworksBuildPhase section */
		15A0A99C297FFF9300D52B4A /* Frameworks */ = {
			isa = PBXFrameworksBuildPhase;
			buildActionMask = 2147483647;
			files = (
			);
			runOnlyForDeploymentPostprocessing = 0;
		};
/* End PBXFrameworksBuildPhase section */

/* Begin PBXGroup section */
		15A0A996297FFF9300D52B4A = {
			isa = PBXGroup;
			children = (
				15A0A9A1297FFF9300D52B4A /* Calculator */,
				15A0A9A0297FFF9300D52B4A /* Products */,
			);
			sourceTree = "<group>";
		};
		15A0A9A0297FFF9300D52B4A /* Products */ = {
			isa = PBXGroup;
			children = (
				15A0A99F297FFF9300D52B4A /* Calculator.app */,
			);
			name = Products;
			sourceTree = "<group>";
		};
		15A0A9A1297FFF9300D52B4A /* Calculator */ = {
			isa = PBXGroup;
			children = (
				15A0A9A2297FFF9300D52B4A /* CalculatorApp.swift */,
				15A0A9B3298008C600D52B4A /* Views */,
				15A0A9B2298008BE00D52B4A /* Utils */,
				15A0A9A6297FFF9700D52B4A /* Assets.xcassets */,
				15A0A9A8297FFF9700D52B4A /* Preview Content */,
			);
			path = Calculator;
			sourceTree = "<group>";
		};
		15A0A9A8297FFF9700D52B4A /* Preview Content */ = {
			isa = PBXGroup;
			children = (
				15A0A9A9297FFF9700D52B4A /* Preview Assets.xcassets */,
			);
			path = "Preview Content";
			sourceTree = "<group>";
		};
		15A0A9B2298008BE00D52B4A /* Utils */ = {
			isa = PBXGroup;
			children = (
				15A0A9B02980041200D52B4A /* ImageConstants.swift */,
			);
			path = Utils;
			sourceTree = "<group>";
		};
		15A0A9B3298008C600D52B4A /* Views */ = {
			isa = PBXGroup;
			children = (
				15A0A9A4297FFF9300D52B4A /* MainCalculatorView.swift */,
				15A0A9B829800EB700D52B4A /* CalculatorButtonsView.swift */,
				15A0A9B42980095B00D52B4A /* SunAndMoonView.swift */,
				15A0A9B629800A6500D52B4A /* ComputationView.swift */,
			);
			path = Views;
			sourceTree = "<group>";
		};
/* End PBXGroup section */

/* Begin PBXNativeTarget section */
		15A0A99E297FFF9300D52B4A /* Calculator */ = {
			isa = PBXNativeTarget;
			buildConfigurationList = 15A0A9AD297FFF9700D52B4A /* Build configuration list for PBXNativeTarget "Calculator" */;
			buildPhases = (
				15A0A99B297FFF9300D52B4A /* Sources */,
				15A0A99C297FFF9300D52B4A /* Frameworks */,
				15A0A99D297FFF9300D52B4A /* Resources */,
			);
			buildRules = (
			);
			dependencies = (
			);
			name = Calculator;
			productName = Calculator;
			productReference = 15A0A99F297FFF9300D52B4A /* Calculator.app */;
			productType = "com.apple.product-type.application";
		};
/* End PBXNativeTarget section */

/* Begin PBXProject section */
		15A0A997297FFF9300D52B4A /* Project object */ = {
			isa = PBXProject;
			attributes = {
				BuildIndependentTargetsInParallel = 1;
				LastSwiftUpdateCheck = 1420;
				LastUpgradeCheck = 1420;
				TargetAttributes = {
					15A0A99E297FFF9300D52B4A = {
						CreatedOnToolsVersion = 14.2;
					};
				};
			};
			buildConfigurationList = 15A0A99A297FFF9300D52B4A /* Build configuration list for PBXProject "Calculator" */;
			compatibilityVersion = "Xcode 14.0";
			developmentRegion = en;
			hasScannedForEncodings = 0;
			knownRegions = (
				en,
				Base,
			);
			mainGroup = 15A0A996297FFF9300D52B4A;
			productRefGroup = 15A0A9A0297FFF9300D52B4A /* Products */;
			projectDirPath = "";
			projectRoot = "";
			targets = (
				15A0A99E297FFF9300D52B4A /* Calculator */,
			);
		};
/* End PBXProject section */

/* Begin PBXResourcesBuildPhase section */
		15A0A99D297FFF9300D52B4A /* Resources */ = {
			isa = PBXResourcesBuildPhase;
			buildActionMask = 2147483647;
			files = (
				15A0A9AA297FFF9700D52B4A /* Preview Assets.xcassets in Resources */,
				15A0A9A7297FFF9700D52B4A /* Assets.xcassets in Resources */,
			);
			runOnlyForDeploymentPostprocessing = 0;
		};
/* End PBXResourcesBuildPhase section */

/* Begin PBXSourcesBuildPhase section */
		15A0A99B297FFF9300D52B4A /* Sources */ = {
			isa = PBXSourcesBuildPhase;
			buildActionMask = 2147483647;
			files = (
				15A0A9B929800EB700D52B4A /* CalculatorButtonsView.swift in Sources */,
				15A0A9B52980095B00D52B4A /* SunAndMoonView.swift in Sources */,
				15A0A9A5297FFF9300D52B4A /* MainCalculatorView.swift in Sources */,
				15A0A9B729800A6500D52B4A /* ComputationView.swift in Sources */,
				15A0A9B12980041200D52B4A /* ImageConstants.swift in Sources */,
				15A0A9A3297FFF9300D52B4A /* CalculatorApp.swift in Sources */,
			);
			runOnlyForDeploymentPostprocessing = 0;
		};
/* End PBXSourcesBuildPhase section */

/* Begin XCBuildConfiguration section */
		15A0A9AB297FFF9700D52B4A /* Debug */ = {
			isa = XCBuildConfiguration;
			buildSettings = {
				ALWAYS_SEARCH_USER_PATHS = NO;
				CLANG_ANALYZER_NONNULL = YES;
				CLANG_ANALYZER_NUMBER_OBJECT_CONVERSION = YES_AGGRESSIVE;
				CLANG_CXX_LANGUAGE_STANDARD = "gnu++20";
				CLANG_ENABLE_MODULES = YES;
				CLANG_ENABLE_OBJC_ARC = YES;
				CLANG_ENABLE_OBJC_WEAK = YES;
				CLANG_WARN_BLOCK_CAPTURE_AUTORELEASING = YES;
				CLANG_WARN_BOOL_CONVERSION = YES;
				CLANG_WARN_COMMA = YES;
				CLANG_WARN_CONSTANT_CONVERSION = YES;
				CLANG_WARN_DEPRECATED_OBJC_IMPLEMENTATIONS = YES;
				CLANG_WARN_DIRECT_OBJC_ISA_USAGE = YES_ERROR;
				CLANG_WARN_DOCUMENTATION_COMMENTS = YES;
				CLANG_WARN_EMPTY_BODY = YES;
				CLANG_WARN_ENUM_CONVERSION = YES;
				CLANG_WARN_INFINITE_RECURSION = YES;
				CLANG_WARN_INT_CONVERSION = YES;
				CLANG_WARN_NON_LITERAL_NULL_CONVERSION = YES;
				CLANG_WARN_OBJC_IMPLICIT_RETAIN_SELF = YES;
				CLANG_WARN_OBJC_LITERAL_CONVERSION = YES;
				CLANG_WARN_OBJC_ROOT_CLASS = YES_ERROR;
				CLANG_WARN_QUOTED_INCLUDE_IN_FRAMEWORK_HEADER = YES;
				CLANG_WARN_RANGE_LOOP_ANALYSIS = YES;
				CLANG_WARN_STRICT_PROTOTYPES = YES;
				CLANG_WARN_SUSPICIOUS_MOVE = YES;
				CLANG_WARN_UNGUARDED_AVAILABILITY = YES_AGGRESSIVE;
				CLANG_WARN_UNREACHABLE_CODE = YES;
				CLANG_WARN__DUPLICATE_METHOD_MATCH = YES;
				COPY_PHASE_STRIP = NO;
				DEBUG_INFORMATION_FORMAT = dwarf;
				ENABLE_STRICT_OBJC_MSGSEND = YES;
				ENABLE_TESTABILITY = YES;
				GCC_C_LANGUAGE_STANDARD = gnu11;
				GCC_DYNAMIC_NO_PIC = NO;
				GCC_NO_COMMON_BLOCKS = YES;
				GCC_OPTIMIZATION_LEVEL = 0;
				GCC_PREPROCESSOR_DEFINITIONS = (
					"DEBUG=1",
					"$(inherited)",
				);
				GCC_WARN_64_TO_32_BIT_CONVERSION = YES;
				GCC_WARN_ABOUT_RETURN_TYPE = YES_ERROR;
				GCC_WARN_UNDECLARED_SELECTOR = YES;
				GCC_WARN_UNINITIALIZED_AUTOS = YES_AGGRESSIVE;
				GCC_WARN_UNUSED_FUNCTION = YES;
				GCC_WARN_UNUSED_VARIABLE = YES;
				IPHONEOS_DEPLOYMENT_TARGET = 16.2;
				MTL_ENABLE_DEBUG_INFO = INCLUDE_SOURCE;
				MTL_FAST_MATH = YES;
				ONLY_ACTIVE_ARCH = YES;
				SDKROOT = iphoneos;
				SWIFT_ACTIVE_COMPILATION_CONDITIONS = DEBUG;
				SWIFT_OPTIMIZATION_LEVEL = "-Onone";
			};
			name = Debug;
		};
		15A0A9AC297FFF9700D52B4A /* Release */ = {
			isa = XCBuildConfiguration;
			buildSettings = {
				ALWAYS_SEARCH_USER_PATHS = NO;
				CLANG_ANALYZER_NONNULL = YES;
				CLANG_ANALYZER_NUMBER_OBJECT_CONVERSION = YES_AGGRESSIVE;
				CLANG_CXX_LANGUAGE_STANDARD = "gnu++20";
				CLANG_ENABLE_MODULES = YES;
				CLANG_ENABLE_OBJC_ARC = YES;
				CLANG_ENABLE_OBJC_WEAK = YES;
				CLANG_WARN_BLOCK_CAPTURE_AUTORELEASING = YES;
				CLANG_WARN_BOOL_CONVERSION = YES;
				CLANG_WARN_COMMA = YES;
				CLANG_WARN_CONSTANT_CONVERSION = YES;
				CLANG_WARN_DEPRECATED_OBJC_IMPLEMENTATIONS = YES;
				CLANG_WARN_DIRECT_OBJC_ISA_USAGE = YES_ERROR;
				CLANG_WARN_DOCUMENTATION_COMMENTS = YES;
				CLANG_WARN_EMPTY_BODY = YES;
				CLANG_WARN_ENUM_CONVERSION = YES;
				CLANG_WARN_INFINITE_RECURSION = YES;
				CLANG_WARN_INT_CONVERSION = YES;
				CLANG_WARN_NON_LITERAL_NULL_CONVERSION = YES;
				CLANG_WARN_OBJC_IMPLICIT_RETAIN_SELF = YES;
				CLANG_WARN_OBJC_LITERAL_CONVERSION = YES;
				CLANG_WARN_OBJC_ROOT_CLASS = YES_ERROR;
				CLANG_WARN_QUOTED_INCLUDE_IN_FRAMEWORK_HEADER = YES;
				CLANG_WARN_RANGE_LOOP_ANALYSIS = YES;
				CLANG_WARN_STRICT_PROTOTYPES = YES;
				CLANG_WARN_SUSPICIOUS_MOVE = YES;
				CLANG_WARN_UNGUARDED_AVAILABILITY = YES_AGGRESSIVE;
				CLANG_WARN_UNREACHABLE_CODE = YES;
				CLANG_WARN__DUPLICATE_METHOD_MATCH = YES;
				COPY_PHASE_STRIP = NO;
				DEBUG_INFORMATION_FORMAT = "dwarf-with-dsym";
				ENABLE_NS_ASSERTIONS = NO;
				ENABLE_STRICT_OBJC_MSGSEND = YES;
				GCC_C_LANGUAGE_STANDARD = gnu11;
				GCC_NO_COMMON_BLOCKS = YES;
				GCC_WARN_64_TO_32_BIT_CONVERSION = YES;
				GCC_WARN_ABOUT_RETURN_TYPE = YES_ERROR;
				GCC_WARN_UNDECLARED_SELECTOR = YES;
				GCC_WARN_UNINITIALIZED_AUTOS = YES_AGGRESSIVE;
				GCC_WARN_UNUSED_FUNCTION = YES;
				GCC_WARN_UNUSED_VARIABLE = YES;
				IPHONEOS_DEPLOYMENT_TARGET = 16.2;
				MTL_ENABLE_DEBUG_INFO = NO;
				MTL_FAST_MATH = YES;
				SDKROOT = iphoneos;
				SWIFT_COMPILATION_MODE = wholemodule;
				SWIFT_OPTIMIZATION_LEVEL = "-O";
				VALIDATE_PRODUCT = YES;
			};
			name = Release;
		};
		15A0A9AE297FFF9700D52B4A /* Debug */ = {
			isa = XCBuildConfiguration;
			buildSettings = {
				ASSETCATALOG_COMPILER_APPICON_NAME = AppIcon;
				ASSETCATALOG_COMPILER_GLOBAL_ACCENT_COLOR_NAME = AccentColor;
				CODE_SIGN_STYLE = Automatic;
				CURRENT_PROJECT_VERSION = 1;
				DEVELOPMENT_ASSET_PATHS = "\"Calculator/Preview Content\"";
				DEVELOPMENT_TEAM = 3X884PBRG2;
				ENABLE_PREVIEWS = YES;
				GENERATE_INFOPLIST_FILE = YES;
				INFOPLIST_KEY_UIApplicationSceneManifest_Generation = YES;
				INFOPLIST_KEY_UIApplicationSupportsIndirectInputEvents = YES;
				INFOPLIST_KEY_UILaunchScreen_Generation = YES;
				INFOPLIST_KEY_UISupportedInterfaceOrientations_iPad = "UIInterfaceOrientationPortrait UIInterfaceOrientationPortraitUpsideDown UIInterfaceOrientationLandscapeLeft UIInterfaceOrientationLandscapeRight";
				INFOPLIST_KEY_UISupportedInterfaceOrientations_iPhone = "UIInterfaceOrientationPortrait UIInterfaceOrientationLandscapeLeft UIInterfaceOrientationLandscapeRight";
				LD_RUNPATH_SEARCH_PATHS = (
					"$(inherited)",
					"@executable_path/Frameworks",
				);
				MARKETING_VERSION = 1.0;
				PRODUCT_BUNDLE_IDENTIFIER = com.karlis.Calculator;
				PRODUCT_NAME = "$(TARGET_NAME)";
				SWIFT_EMIT_LOC_STRINGS = YES;
				SWIFT_VERSION = 5.0;
				TARGETED_DEVICE_FAMILY = "1,2";
			};
			name = Debug;
		};
		15A0A9AF297FFF9700D52B4A /* Release */ = {
			isa = XCBuildConfiguration;
			buildSettings = {
				ASSETCATALOG_COMPILER_APPICON_NAME = AppIcon;
				ASSETCATALOG_COMPILER_GLOBAL_ACCENT_COLOR_NAME = AccentColor;
				CODE_SIGN_STYLE = Automatic;
				CURRENT_PROJECT_VERSION = 1;
				DEVELOPMENT_ASSET_PATHS = "\"Calculator/Preview Content\"";
				DEVELOPMENT_TEAM = 3X884PBRG2;
				ENABLE_PREVIEWS = YES;
				GENERATE_INFOPLIST_FILE = YES;
				INFOPLIST_KEY_UIApplicationSceneManifest_Generation = YES;
				INFOPLIST_KEY_UIApplicationSupportsIndirectInputEvents = YES;
				INFOPLIST_KEY_UILaunchScreen_Generation = YES;
				INFOPLIST_KEY_UISupportedInterfaceOrientations_iPad = "UIInterfaceOrientationPortrait UIInterfaceOrientationPortraitUpsideDown UIInterfaceOrientationLandscapeLeft UIInterfaceOrientationLandscapeRight";
				INFOPLIST_KEY_UISupportedInterfaceOrientations_iPhone = "UIInterfaceOrientationPortrait UIInterfaceOrientationLandscapeLeft UIInterfaceOrientationLandscapeRight";
				LD_RUNPATH_SEARCH_PATHS = (
					"$(inherited)",
					"@executable_path/Frameworks",
				);
				MARKETING_VERSION = 1.0;
				PRODUCT_BUNDLE_IDENTIFIER = com.karlis.Calculator;
				PRODUCT_NAME = "$(TARGET_NAME)";
				SWIFT_EMIT_LOC_STRINGS = YES;
				SWIFT_VERSION = 5.0;
				TARGETED_DEVICE_FAMILY = "1,2";
			};
			name = Release;
		};
/* End XCBuildConfiguration section */

/* Begin XCConfigurationList section */
		15A0A99A297FFF9300D52B4A /* Build configuration list for PBXProject "Calculator" */ = {
			isa = XCConfigurationList;
			buildConfigurations = (
				15A0A9AB297FFF9700D52B4A /* Debug */,
				15A0A9AC297FFF9700D52B4A /* Release */,
			);
			defaultConfigurationIsVisible = 0;
			defaultConfigurationName = Release;
		};
		15A0A9AD297FFF9700D52B4A /* Build configuration list for PBXNativeTarget "Calculator" */ = {
			isa = XCConfigurationList;
			buildConfigurations = (
				15A0A9AE297FFF9700D52B4A /* Debug */,
				15A0A9AF297FFF9700D52B4A /* Release */,
			);
			defaultConfigurationIsVisible = 0;
			defaultConfigurationName = Release;
		};
/* End XCConfigurationList section */
	};
	rootObject = 15A0A997297FFF9300D52B4A /* Project object */;
}
